
Microsoft Visual Studio Solution File, Format Version 12.00
# Visual Studio Version 17
VisualStudioVersion = 17.10.35122.118
MinimumVisualStudioVersion = 10.0.40219.1
Project("{FAE04EC0-301F-11D3-BF4B-00C04F79EFBC}") = "InspectionMachine", "InspectionMachine.csproj", "{D3FF7D82-AAEC-4EEB-A484-085FEE0B7A3E}"
EndProject
Project("{FAE04EC0-301F-11D3-BF4B-00C04F79EFBC}") = "Calculator", "..\Calculator\Calculator.csproj", "{B22BFE77-5723-4016-90D3-B0FC0F1D6C13}"
EndProject
Global
	GlobalSection(SolutionConfigurationPlatforms) = preSolution
		Debug|Any CPU = Debug|Any CPU
		Release|Any CPU = Release|Any CPU
	EndGlobalSection
	GlobalSection(ProjectConfigurationPlatforms) = postSolution
		{D3FF7D82-AAEC-4EEB-A484-085FEE0B7A3E}.Debug|Any CPU.ActiveCfg = Debug|Any CPU
		{D3FF7D82-AAEC-4EEB-A484-085FEE0B7A3E}.Debug|Any CPU.Build.0 = Debug|Any CPU
		{D3FF7D82-AAEC-4EEB-A484-085FEE0B7A3E}.Release|Any CPU.ActiveCfg = Release|Any CPU
		{D3FF7D82-AAEC-4EEB-A484-085FEE0B7A3E}.Release|Any CPU.Build.0 = Release|Any CPU
		{B22BFE77-5723-4016-90D3-B0FC0F1D6C13}.Debug|Any CPU.ActiveCfg = Debug|Any CPU
		{B22BFE77-5723-4016-90D3-B0FC0F1D6C13}.Debug|Any CPU.Build.0 = Debug|Any CPU
		{B22BFE77-5723-4016-90D3-B0FC0F1D6C13}.Release|Any CPU.ActiveCfg = Release|Any CPU
		{B22BFE77-5723-4016-90D3-B0FC0F1D6C13}.Release|Any CPU.Build.0 = Release|Any CPU
	EndGlobalSection
	GlobalSection(SolutionProperties) = preSolution
		HideSolutionNode = FALSE
	EndGlobalSection
	GlobalSection(ExtensibilityGlobals) = postSolution
		SolutionGuid = {05B6467D-AF0D-4D33-BDC1-BF25FE8A0489}
	EndGlobalSection
EndGlobal
